
Microsoft Visual Studio Solution File, Format Version 12.00
# Visual Studio 15
VisualStudioVersion = 15.0.27703.2047
MinimumVisualStudioVersion = 10.0.40219.1
Project("{FAE04EC0-301F-11D3-BF4B-00C04F79EFBC}") = "XWTournament.Android", "XWTournament\XWTournament.Android\XWTournament.Android.csproj", "{988A24A5-08A2-4BF9-A564-038B27BB1D59}"
EndProject
Project("{FAE04EC0-301F-11D3-BF4B-00C04F79EFBC}") = "XWTournament.iOS", "XWTournament\XWTournament.iOS\XWTournament.iOS.csproj", "{DEBED85F-9265-4109-9F55-F666FB02CC0E}"
EndProject
Project("{FAE04EC0-301F-11D3-BF4B-00C04F79EFBC}") = "XWTournament", "XWTournament\XWTournament\XWTournament.csproj", "{351DC15C-01D4-4858-935E-2AE7FEA020BE}"
EndProject
Global
	GlobalSection(SolutionConfigurationPlatforms) = preSolution
		Ad-Hoc|Any CPU = Ad-Hoc|Any CPU
		Ad-Hoc|iPhone = Ad-Hoc|iPhone
		Ad-Hoc|iPhoneSimulator = Ad-Hoc|iPhoneSimulator
		AppStore|Any CPU = AppStore|Any CPU
		AppStore|iPhone = AppStore|iPhone
		AppStore|iPhoneSimulator = AppStore|iPhoneSimulator
		Debug|Any CPU = Debug|Any CPU
		Debug|iPhone = Debug|iPhone
		Debug|iPhoneSimulator = Debug|iPhoneSimulator
		Release|Any CPU = Release|Any CPU
		Release|iPhone = Release|iPhone
		Release|iPhoneSimulator = Release|iPhoneSimulator
	EndGlobalSection
	GlobalSection(ProjectConfigurationPlatforms) = postSolution
		{988A24A5-08A2-4BF9-A564-038B27BB1D59}.Ad-Hoc|Any CPU.ActiveCfg = Release|Any CPU
		{988A24A5-08A2-4BF9-A564-038B27BB1D59}.Ad-Hoc|Any CPU.Build.0 = Release|Any CPU
		{988A24A5-08A2-4BF9-A564-038B27BB1D59}.Ad-Hoc|Any CPU.Deploy.0 = Release|Any CPU
		{988A24A5-08A2-4BF9-A564-038B27BB1D59}.Ad-Hoc|iPhone.ActiveCfg = Release|Any CPU
		{988A24A5-08A2-4BF9-A564-038B27BB1D59}.Ad-Hoc|iPhone.Build.0 = Release|Any CPU
		{988A24A5-08A2-4BF9-A564-038B27BB1D59}.Ad-Hoc|iPhone.Deploy.0 = Release|Any CPU
		{988A24A5-08A2-4BF9-A564-038B27BB1D59}.Ad-Hoc|iPhoneSimulator.ActiveCfg = Release|Any CPU
		{988A24A5-08A2-4BF9-A564-038B27BB1D59}.Ad-Hoc|iPhoneSimulator.Build.0 = Release|Any CPU
		{988A24A5-08A2-4BF9-A564-038B27BB1D59}.Ad-Hoc|iPhoneSimulator.Deploy.0 = Release|Any CPU
		{988A24A5-08A2-4BF9-A564-038B27BB1D59}.AppStore|Any CPU.ActiveCfg = Release|Any CPU
		{988A24A5-08A2-4BF9-A564-038B27BB1D59}.AppStore|Any CPU.Build.0 = Release|Any CPU
		{988A24A5-08A2-4BF9-A564-038B27BB1D59}.AppStore|Any CPU.Deploy.0 = Release|Any CPU
		{988A24A5-08A2-4BF9-A564-038B27BB1D59}.AppStore|iPhone.ActiveCfg = Release|Any CPU
		{988A24A5-08A2-4BF9-A564-038B27BB1D59}.AppStore|iPhone.Build.0 = Release|Any CPU
		{988A24A5-08A2-4BF9-A564-038B27BB1D59}.AppStore|iPhone.Deploy.0 = Release|Any CPU
		{988A24A5-08A2-4BF9-A564-038B27BB1D59}.AppStore|iPhoneSimulator.ActiveCfg = Release|Any CPU
		{988A24A5-08A2-4BF9-A564-038B27BB1D59}.AppStore|iPhoneSimulator.Build.0 = Release|Any CPU
		{988A24A5-08A2-4BF9-A564-038B27BB1D59}.AppStore|iPhoneSimulator.Deploy.0 = Release|Any CPU
		{988A24A5-08A2-4BF9-A564-038B27BB1D59}.Debug|Any CPU.ActiveCfg = Debug|Any CPU
		{988A24A5-08A2-4BF9-A564-038B27BB1D59}.Debug|Any CPU.Build.0 = Debug|Any CPU
		{988A24A5-08A2-4BF9-A564-038B27BB1D59}.Debug|Any CPU.Deploy.0 = Debug|Any CPU
		{988A24A5-08A2-4BF9-A564-038B27BB1D59}.Debug|iPhone.ActiveCfg = Debug|Any CPU
		{988A24A5-08A2-4BF9-A564-038B27BB1D59}.Debug|iPhone.Build.0 = Debug|Any CPU
		{988A24A5-08A2-4BF9-A564-038B27BB1D59}.Debug|iPhone.Deploy.0 = Debug|Any CPU
		{988A24A5-08A2-4BF9-A564-038B27BB1D59}.Debug|iPhoneSimulator.ActiveCfg = Debug|Any CPU
		{988A24A5-08A2-4BF9-A564-038B27BB1D59}.Debug|iPhoneSimulator.Build.0 = Debug|Any CPU
		{988A24A5-08A2-4BF9-A564-038B27BB1D59}.Debug|iPhoneSimulator.Deploy.0 = Debug|Any CPU
		{988A24A5-08A2-4BF9-A564-038B27BB1D59}.Release|Any CPU.ActiveCfg = Release|Any CPU
		{988A24A5-08A2-4BF9-A564-038B27BB1D59}.Release|Any CPU.Build.0 = Release|Any CPU
		{988A24A5-08A2-4BF9-A564-038B27BB1D59}.Release|Any CPU.Deploy.0 = Release|Any CPU
		{988A24A5-08A2-4BF9-A564-038B27BB1D59}.Release|iPhone.ActiveCfg = Release|Any CPU
		{988A24A5-08A2-4BF9-A564-038B27BB1D59}.Release|iPhone.Build.0 = Release|Any CPU
		{988A24A5-08A2-4BF9-A564-038B27BB1D59}.Release|iPhone.Deploy.0 = Release|Any CPU
		{988A24A5-08A2-4BF9-A564-038B27BB1D59}.Release|iPhoneSimulator.ActiveCfg = Release|Any CPU
		{988A24A5-08A2-4BF9-A564-038B27BB1D59}.Release|iPhoneSimulator.Build.0 = Release|Any CPU
		{988A24A5-08A2-4BF9-A564-038B27BB1D59}.Release|iPhoneSimulator.Deploy.0 = Release|Any CPU
		{DEBED85F-9265-4109-9F55-F666FB02CC0E}.Ad-Hoc|Any CPU.ActiveCfg = Ad-Hoc|iPhone
		{DEBED85F-9265-4109-9F55-F666FB02CC0E}.Ad-Hoc|Any CPU.Build.0 = Ad-Hoc|iPhone
		{DEBED85F-9265-4109-9F55-F666FB02CC0E}.Ad-Hoc|Any CPU.Deploy.0 = Ad-Hoc|iPhone
		{DEBED85F-9265-4109-9F55-F666FB02CC0E}.Ad-Hoc|iPhone.ActiveCfg = Ad-Hoc|iPhone
		{DEBED85F-9265-4109-9F55-F666FB02CC0E}.Ad-Hoc|iPhone.Build.0 = Ad-Hoc|iPhone
		{DEBED85F-9265-4109-9F55-F666FB02CC0E}.Ad-Hoc|iPhone.Deploy.0 = Ad-Hoc|iPhone
		{DEBED85F-9265-4109-9F55-F666FB02CC0E}.Ad-Hoc|iPhoneSimulator.ActiveCfg = Ad-Hoc|iPhoneSimulator
		{DEBED85F-9265-4109-9F55-F666FB02CC0E}.Ad-Hoc|iPhoneSimulator.Build.0 = Ad-Hoc|iPhoneSimulator
		{DEBED85F-9265-4109-9F55-F666FB02CC0E}.Ad-Hoc|iPhoneSimulator.Deploy.0 = Ad-Hoc|iPhoneSimulator
		{DEBED85F-9265-4109-9F55-F666FB02CC0E}.AppStore|Any CPU.ActiveCfg = AppStore|iPhone
		{DEBED85F-9265-4109-9F55-F666FB02CC0E}.AppStore|Any CPU.Build.0 = AppStore|iPhone
		{DEBED85F-9265-4109-9F55-F666FB02CC0E}.AppStore|Any CPU.Deploy.0 = AppStore|iPhone
		{DEBED85F-9265-4109-9F55-F666FB02CC0E}.AppStore|iPhone.ActiveCfg = AppStore|iPhone
		{DEBED85F-9265-4109-9F55-F666FB02CC0E}.AppStore|iPhone.Build.0 = AppStore|iPhone
		{DEBED85F-9265-4109-9F55-F666FB02CC0E}.AppStore|iPhone.Deploy.0 = AppStore|iPhone
		{DEBED85F-9265-4109-9F55-F666FB02CC0E}.AppStore|iPhoneSimulator.ActiveCfg = AppStore|iPhoneSimulator
		{DEBED85F-9265-4109-9F55-F666FB02CC0E}.AppStore|iPhoneSimulator.Build.0 = AppStore|iPhoneSimulator
		{DEBED85F-9265-4109-9F55-F666FB02CC0E}.AppStore|iPhoneSimulator.Deploy.0 = AppStore|iPhoneSimulator
		{DEBED85F-9265-4109-9F55-F666FB02CC0E}.Debug|Any CPU.ActiveCfg = Debug|iPhoneSimulator
		{DEBED85F-9265-4109-9F55-F666FB02CC0E}.Debug|Any CPU.Build.0 = Debug|iPhoneSimulator
		{DEBED85F-9265-4109-9F55-F666FB02CC0E}.Debug|Any CPU.Deploy.0 = Debug|iPhoneSimulator
		{DEBED85F-9265-4109-9F55-F666FB02CC0E}.Debug|iPhone.ActiveCfg = Debug|iPhone
		{DEBED85F-9265-4109-9F55-F666FB02CC0E}.Debug|iPhone.Build.0 = Debug|iPhone
		{DEBED85F-9265-4109-9F55-F666FB02CC0E}.Debug|iPhone.Deploy.0 = Debug|iPhone
		{DEBED85F-9265-4109-9F55-F666FB02CC0E}.Debug|iPhoneSimulator.ActiveCfg = Debug|iPhoneSimulator
		{DEBED85F-9265-4109-9F55-F666FB02CC0E}.Debug|iPhoneSimulator.Build.0 = Debug|iPhoneSimulator
		{DEBED85F-9265-4109-9F55-F666FB02CC0E}.Debug|iPhoneSimulator.Deploy.0 = Debug|iPhoneSimulator
		{DEBED85F-9265-4109-9F55-F666FB02CC0E}.Release|Any CPU.ActiveCfg = Release|iPhone
		{DEBED85F-9265-4109-9F55-F666FB02CC0E}.Release|Any CPU.Build.0 = Release|iPhone
		{DEBED85F-9265-4109-9F55-F666FB02CC0E}.Release|Any CPU.Deploy.0 = Release|iPhone
		{DEBED85F-9265-4109-9F55-F666FB02CC0E}.Release|iPhone.ActiveCfg = Release|iPhone
		{DEBED85F-9265-4109-9F55-F666FB02CC0E}.Release|iPhone.Build.0 = Release|iPhone
		{DEBED85F-9265-4109-9F55-F666FB02CC0E}.Release|iPhone.Deploy.0 = Release|iPhone
		{DEBED85F-9265-4109-9F55-F666FB02CC0E}.Release|iPhoneSimulator.ActiveCfg = Release|iPhoneSimulator
		{DEBED85F-9265-4109-9F55-F666FB02CC0E}.Release|iPhoneSimulator.Build.0 = Release|iPhoneSimulator
		{DEBED85F-9265-4109-9F55-F666FB02CC0E}.Release|iPhoneSimulator.Deploy.0 = Release|iPhoneSimulator
		{351DC15C-01D4-4858-935E-2AE7FEA020BE}.Ad-Hoc|Any CPU.ActiveCfg = Debug|Any CPU
		{351DC15C-01D4-4858-935E-2AE7FEA020BE}.Ad-Hoc|Any CPU.Build.0 = Debug|Any CPU
		{351DC15C-01D4-4858-935E-2AE7FEA020BE}.Ad-Hoc|Any CPU.Deploy.0 = Debug|Any CPU
		{351DC15C-01D4-4858-935E-2AE7FEA020BE}.Ad-Hoc|iPhone.ActiveCfg = Debug|Any CPU
		{351DC15C-01D4-4858-935E-2AE7FEA020BE}.Ad-Hoc|iPhone.Build.0 = Debug|Any CPU
		{351DC15C-01D4-4858-935E-2AE7FEA020BE}.Ad-Hoc|iPhone.Deploy.0 = Debug|Any CPU
		{351DC15C-01D4-4858-935E-2AE7FEA020BE}.Ad-Hoc|iPhoneSimulator.ActiveCfg = Debug|Any CPU
		{351DC15C-01D4-4858-935E-2AE7FEA020BE}.Ad-Hoc|iPhoneSimulator.Build.0 = Debug|Any CPU
		{351DC15C-01D4-4858-935E-2AE7FEA020BE}.Ad-Hoc|iPhoneSimulator.Deploy.0 = Debug|Any CPU
		{351DC15C-01D4-4858-935E-2AE7FEA020BE}.AppStore|Any CPU.ActiveCfg = Debug|Any CPU
		{351DC15C-01D4-4858-935E-2AE7FEA020BE}.AppStore|Any CPU.Build.0 = Debug|Any CPU
		{351DC15C-01D4-4858-935E-2AE7FEA020BE}.AppStore|Any CPU.Deploy.0 = Debug|Any CPU
		{351DC15C-01D4-4858-935E-2AE7FEA020BE}.AppStore|iPhone.ActiveCfg = Debug|Any CPU
		{351DC15C-01D4-4858-935E-2AE7FEA020BE}.AppStore|iPhone.Build.0 = Debug|Any CPU
		{351DC15C-01D4-4858-935E-2AE7FEA020BE}.AppStore|iPhone.Deploy.0 = Debug|Any CPU
		{351DC15C-01D4-4858-935E-2AE7FEA020BE}.AppStore|iPhoneSimulator.ActiveCfg = Debug|Any CPU
		{351DC15C-01D4-4858-935E-2AE7FEA020BE}.AppStore|iPhoneSimulator.Build.0 = Debug|Any CPU
		{351DC15C-01D4-4858-935E-2AE7FEA020BE}.AppStore|iPhoneSimulator.Deploy.0 = Debug|Any CPU
		{351DC15C-01D4-4858-935E-2AE7FEA020BE}.Debug|Any CPU.ActiveCfg = Debug|Any CPU
		{351DC15C-01D4-4858-935E-2AE7FEA020BE}.Debug|Any CPU.Build.0 = Debug|Any CPU
		{351DC15C-01D4-4858-935E-2AE7FEA020BE}.Debug|Any CPU.Deploy.0 = Debug|Any CPU
		{351DC15C-01D4-4858-935E-2AE7FEA020BE}.Debug|iPhone.ActiveCfg = Debug|Any CPU
		{351DC15C-01D4-4858-935E-2AE7FEA020BE}.Debug|iPhone.Build.0 = Debug|Any CPU
		{351DC15C-01D4-4858-935E-2AE7FEA020BE}.Debug|iPhone.Deploy.0 = Debug|Any CPU
		{351DC15C-01D4-4858-935E-2AE7FEA020BE}.Debug|iPhoneSimulator.ActiveCfg = Debug|Any CPU
		{351DC15C-01D4-4858-935E-2AE7FEA020BE}.Debug|iPhoneSimulator.Build.0 = Debug|Any CPU
		{351DC15C-01D4-4858-935E-2AE7FEA020BE}.Debug|iPhoneSimulator.Deploy.0 = Debug|Any CPU
		{351DC15C-01D4-4858-935E-2AE7FEA020BE}.Release|Any CPU.ActiveCfg = Release|Any CPU
		{351DC15C-01D4-4858-935E-2AE7FEA020BE}.Release|Any CPU.Build.0 = Release|Any CPU
		{351DC15C-01D4-4858-935E-2AE7FEA020BE}.Release|Any CPU.Deploy.0 = Release|Any CPU
		{351DC15C-01D4-4858-935E-2AE7FEA020BE}.Release|iPhone.ActiveCfg = Release|Any CPU
		{351DC15C-01D4-4858-935E-2AE7FEA020BE}.Release|iPhone.Build.0 = Release|Any CPU
		{351DC15C-01D4-4858-935E-2AE7FEA020BE}.Release|iPhone.Deploy.0 = Release|Any CPU
		{351DC15C-01D4-4858-935E-2AE7FEA020BE}.Release|iPhoneSimulator.ActiveCfg = Release|Any CPU
		{351DC15C-01D4-4858-935E-2AE7FEA020BE}.Release|iPhoneSimulator.Build.0 = Release|Any CPU
		{351DC15C-01D4-4858-935E-2AE7FEA020BE}.Release|iPhoneSimulator.Deploy.0 = Release|Any CPU
	EndGlobalSection
	GlobalSection(SolutionProperties) = preSolution
		HideSolutionNode = FALSE
	EndGlobalSection
	GlobalSection(ExtensibilityGlobals) = postSolution
		SolutionGuid = {3AE2CCB5-30A2-4E9D-B7CB-58AA779D5F8C}
	EndGlobalSection
EndGlobal
